
Microsoft Visual Studio Solution File, Format Version 12.00
# Visual Studio Version 17
VisualStudioVersion = 17.7.34031.279
MinimumVisualStudioVersion = 10.0.40219.1
Project("{FAE04EC0-301F-11D3-BF4B-00C04F79EFBC}") = "Project_s7", "Project_s7.csproj", "{C02AA170-DD44-43BA-AC72-002C95F9F7FB}"
EndProject
Global
	GlobalSection(SolutionConfigurationPlatforms) = preSolution
		Debug|Any CPU = Debug|Any CPU
		Release|Any CPU = Release|Any CPU
	EndGlobalSection
	GlobalSection(ProjectConfigurationPlatforms) = postSolution
		{C02AA170-DD44-43BA-AC72-002C95F9F7FB}.Debug|Any CPU.ActiveCfg = Debug|Any CPU
		{C02AA170-DD44-43BA-AC72-002C95F9F7FB}.Debug|Any CPU.Build.0 = Debug|Any CPU
		{C02AA170-DD44-43BA-AC72-002C95F9F7FB}.Release|Any CPU.ActiveCfg = Release|Any CPU
		{C02AA170-DD44-43BA-AC72-002C95F9F7FB}.Release|Any CPU.Build.0 = Release|Any CPU
	EndGlobalSection
	GlobalSection(SolutionProperties) = preSolution
		HideSolutionNode = FALSE
	EndGlobalSection
	GlobalSection(ExtensibilityGlobals) = postSolution
		SolutionGuid = {780CCAE1-62A3-40B3-B147-9961EBE8539A}
	EndGlobalSection
EndGlobal
